
Microsoft Visual Studio Solution File, Format Version 12.00
# Visual Studio 15
VisualStudioVersion = 15.0.27004.2009
MinimumVisualStudioVersion = 10.0.40219.1
Project("{FAE04EC0-301F-11D3-BF4B-00C04F79EFBC}") = "Exercise3", "Exercise3\Exercise3.csproj", "{DCD5000A-1588-4FE8-8BD9-D0E10ACF4B77}"
EndProject
Global
	GlobalSection(SolutionConfigurationPlatforms) = preSolution
		Debug|Any CPU = Debug|Any CPU
		Release|Any CPU = Release|Any CPU
	EndGlobalSection
	GlobalSection(ProjectConfigurationPlatforms) = postSolution
		{DCD5000A-1588-4FE8-8BD9-D0E10ACF4B77}.Debug|Any CPU.ActiveCfg = Debug|Any CPU
		{DCD5000A-1588-4FE8-8BD9-D0E10ACF4B77}.Debug|Any CPU.Build.0 = Debug|Any CPU
		{DCD5000A-1588-4FE8-8BD9-D0E10ACF4B77}.Release|Any CPU.ActiveCfg = Release|Any CPU
		{DCD5000A-1588-4FE8-8BD9-D0E10ACF4B77}.Release|Any CPU.Build.0 = Release|Any CPU
	EndGlobalSection
	GlobalSection(SolutionProperties) = preSolution
		HideSolutionNode = FALSE
	EndGlobalSection
	GlobalSection(ExtensibilityGlobals) = postSolution
		SolutionGuid = {AF8285C9-F35F-48B7-BA97-9B92588FFFDA}
	EndGlobalSection
EndGlobal
