
Microsoft Visual Studio Solution File, Format Version 12.00
# Visual Studio 15
VisualStudioVersion = 15.0.27004.2009
MinimumVisualStudioVersion = 10.0.40219.1
Project("{FAE04EC0-301F-11D3-BF4B-00C04F79EFBC}") = "CountLetters", "CountLetters\CountLetters.csproj", "{0E047850-E213-4014-8979-51D4556D3EA7}"
EndProject
Project("{FAE04EC0-301F-11D3-BF4B-00C04F79EFBC}") = "TestCountLetters", "TestCountLetters\TestCountLetters.csproj", "{3CE73729-D953-4276-8732-5C5E8621C075}"
EndProject
Global
	GlobalSection(SolutionConfigurationPlatforms) = preSolution
		Debug|Any CPU = Debug|Any CPU
		Release|Any CPU = Release|Any CPU
	EndGlobalSection
	GlobalSection(ProjectConfigurationPlatforms) = postSolution
		{0E047850-E213-4014-8979-51D4556D3EA7}.Debug|Any CPU.ActiveCfg = Debug|Any CPU
		{0E047850-E213-4014-8979-51D4556D3EA7}.Debug|Any CPU.Build.0 = Debug|Any CPU
		{0E047850-E213-4014-8979-51D4556D3EA7}.Release|Any CPU.ActiveCfg = Release|Any CPU
		{0E047850-E213-4014-8979-51D4556D3EA7}.Release|Any CPU.Build.0 = Release|Any CPU
		{3CE73729-D953-4276-8732-5C5E8621C075}.Debug|Any CPU.ActiveCfg = Debug|Any CPU
		{3CE73729-D953-4276-8732-5C5E8621C075}.Debug|Any CPU.Build.0 = Debug|Any CPU
		{3CE73729-D953-4276-8732-5C5E8621C075}.Release|Any CPU.ActiveCfg = Release|Any CPU
		{3CE73729-D953-4276-8732-5C5E8621C075}.Release|Any CPU.Build.0 = Release|Any CPU
	EndGlobalSection
	GlobalSection(SolutionProperties) = preSolution
		HideSolutionNode = FALSE
	EndGlobalSection
	GlobalSection(ExtensibilityGlobals) = postSolution
		SolutionGuid = {9F8D29C3-6F98-418C-B81E-716F827C1FFF}
	EndGlobalSection
EndGlobal
