
Microsoft Visual Studio Solution File, Format Version 12.00
# Visual Studio 15
VisualStudioVersion = 15.0.27004.2009
MinimumVisualStudioVersion = 10.0.40219.1
Project("{FAE04EC0-301F-11D3-BF4B-00C04F79EFBC}") = "exercise-25", "exercise-25\exercise-25.csproj", "{3037D082-BD85-421A-8613-B387CF01721A}"
EndProject
Global
	GlobalSection(SolutionConfigurationPlatforms) = preSolution
		Debug|Any CPU = Debug|Any CPU
		Release|Any CPU = Release|Any CPU
	EndGlobalSection
	GlobalSection(ProjectConfigurationPlatforms) = postSolution
		{3037D082-BD85-421A-8613-B387CF01721A}.Debug|Any CPU.ActiveCfg = Debug|Any CPU
		{3037D082-BD85-421A-8613-B387CF01721A}.Debug|Any CPU.Build.0 = Debug|Any CPU
		{3037D082-BD85-421A-8613-B387CF01721A}.Release|Any CPU.ActiveCfg = Release|Any CPU
		{3037D082-BD85-421A-8613-B387CF01721A}.Release|Any CPU.Build.0 = Release|Any CPU
	EndGlobalSection
	GlobalSection(SolutionProperties) = preSolution
		HideSolutionNode = FALSE
	EndGlobalSection
	GlobalSection(ExtensibilityGlobals) = postSolution
		SolutionGuid = {88B8F654-C15A-4B68-A69B-A1086F4338BF}
	EndGlobalSection
EndGlobal
