
Microsoft Visual Studio Solution File, Format Version 12.00
# Visual Studio 15
VisualStudioVersion = 15.0.27004.2009
MinimumVisualStudioVersion = 10.0.40219.1
Project("{FAE04EC0-301F-11D3-BF4B-00C04F79EFBC}") = "Exercise-1", "Exercise-1\Exercise-1.csproj", "{AE961B03-7718-4438-B460-E76952CB0422}"
EndProject
Project("{FAE04EC0-301F-11D3-BF4B-00C04F79EFBC}") = "TestForExercise-1", "TestForExercise-1\TestForExercise-1.csproj", "{383FCBB6-8D56-46C0-876A-A614CC4B0DBC}"
EndProject
Global
	GlobalSection(SolutionConfigurationPlatforms) = preSolution
		Debug|Any CPU = Debug|Any CPU
		Release|Any CPU = Release|Any CPU
	EndGlobalSection
	GlobalSection(ProjectConfigurationPlatforms) = postSolution
		{AE961B03-7718-4438-B460-E76952CB0422}.Debug|Any CPU.ActiveCfg = Debug|Any CPU
		{AE961B03-7718-4438-B460-E76952CB0422}.Debug|Any CPU.Build.0 = Debug|Any CPU
		{AE961B03-7718-4438-B460-E76952CB0422}.Release|Any CPU.ActiveCfg = Release|Any CPU
		{AE961B03-7718-4438-B460-E76952CB0422}.Release|Any CPU.Build.0 = Release|Any CPU
		{383FCBB6-8D56-46C0-876A-A614CC4B0DBC}.Debug|Any CPU.ActiveCfg = Debug|Any CPU
		{383FCBB6-8D56-46C0-876A-A614CC4B0DBC}.Debug|Any CPU.Build.0 = Debug|Any CPU
		{383FCBB6-8D56-46C0-876A-A614CC4B0DBC}.Release|Any CPU.ActiveCfg = Release|Any CPU
		{383FCBB6-8D56-46C0-876A-A614CC4B0DBC}.Release|Any CPU.Build.0 = Release|Any CPU
	EndGlobalSection
	GlobalSection(SolutionProperties) = preSolution
		HideSolutionNode = FALSE
	EndGlobalSection
	GlobalSection(ExtensibilityGlobals) = postSolution
		SolutionGuid = {C28F9B36-FC9E-4E31-B316-3FA835A45B68}
	EndGlobalSection
EndGlobal
