
Microsoft Visual Studio Solution File, Format Version 12.00
# Visual Studio 15
VisualStudioVersion = 15.0.27004.2009
MinimumVisualStudioVersion = 10.0.40219.1
Project("{FAE04EC0-301F-11D3-BF4B-00C04F79EFBC}") = "exercise-20", "exercise-20\exercise-20.csproj", "{57B739F7-A71F-423C-A7C2-4410F9515A22}"
EndProject
Global
	GlobalSection(SolutionConfigurationPlatforms) = preSolution
		Debug|Any CPU = Debug|Any CPU
		Release|Any CPU = Release|Any CPU
	EndGlobalSection
	GlobalSection(ProjectConfigurationPlatforms) = postSolution
		{57B739F7-A71F-423C-A7C2-4410F9515A22}.Debug|Any CPU.ActiveCfg = Debug|Any CPU
		{57B739F7-A71F-423C-A7C2-4410F9515A22}.Debug|Any CPU.Build.0 = Debug|Any CPU
		{57B739F7-A71F-423C-A7C2-4410F9515A22}.Release|Any CPU.ActiveCfg = Release|Any CPU
		{57B739F7-A71F-423C-A7C2-4410F9515A22}.Release|Any CPU.Build.0 = Release|Any CPU
	EndGlobalSection
	GlobalSection(SolutionProperties) = preSolution
		HideSolutionNode = FALSE
	EndGlobalSection
	GlobalSection(ExtensibilityGlobals) = postSolution
		SolutionGuid = {F8506C98-6746-492F-AFC8-BEE5A97ADFB2}
	EndGlobalSection
EndGlobal
