
Microsoft Visual Studio Solution File, Format Version 12.00
# Visual Studio 15
VisualStudioVersion = 15.0.27004.2009
MinimumVisualStudioVersion = 10.0.40219.1
Project("{FAE04EC0-301F-11D3-BF4B-00C04F79EFBC}") = "exercise-27", "exercise-27\exercise-27.csproj", "{708EF63F-B329-4486-90ED-6615CD00093D}"
EndProject
Global
	GlobalSection(SolutionConfigurationPlatforms) = preSolution
		Debug|Any CPU = Debug|Any CPU
		Release|Any CPU = Release|Any CPU
	EndGlobalSection
	GlobalSection(ProjectConfigurationPlatforms) = postSolution
		{708EF63F-B329-4486-90ED-6615CD00093D}.Debug|Any CPU.ActiveCfg = Debug|Any CPU
		{708EF63F-B329-4486-90ED-6615CD00093D}.Debug|Any CPU.Build.0 = Debug|Any CPU
		{708EF63F-B329-4486-90ED-6615CD00093D}.Release|Any CPU.ActiveCfg = Release|Any CPU
		{708EF63F-B329-4486-90ED-6615CD00093D}.Release|Any CPU.Build.0 = Release|Any CPU
	EndGlobalSection
	GlobalSection(SolutionProperties) = preSolution
		HideSolutionNode = FALSE
	EndGlobalSection
	GlobalSection(ExtensibilityGlobals) = postSolution
		SolutionGuid = {181030B4-E387-464F-84BB-FD26CBFA1C0A}
	EndGlobalSection
EndGlobal
