
Microsoft Visual Studio Solution File, Format Version 12.00
# Visual Studio 15
VisualStudioVersion = 15.0.27004.2009
MinimumVisualStudioVersion = 10.0.40219.1
Project("{FAE04EC0-301F-11D3-BF4B-00C04F79EFBC}") = "CopyFile", "CopyFile\CopyFile.csproj", "{4015B60C-E5A1-4C6A-9AB6-43B3DD6083E5}"
EndProject
Global
	GlobalSection(SolutionConfigurationPlatforms) = preSolution
		Debug|Any CPU = Debug|Any CPU
		Release|Any CPU = Release|Any CPU
	EndGlobalSection
	GlobalSection(ProjectConfigurationPlatforms) = postSolution
		{4015B60C-E5A1-4C6A-9AB6-43B3DD6083E5}.Debug|Any CPU.ActiveCfg = Debug|Any CPU
		{4015B60C-E5A1-4C6A-9AB6-43B3DD6083E5}.Debug|Any CPU.Build.0 = Debug|Any CPU
		{4015B60C-E5A1-4C6A-9AB6-43B3DD6083E5}.Release|Any CPU.ActiveCfg = Release|Any CPU
		{4015B60C-E5A1-4C6A-9AB6-43B3DD6083E5}.Release|Any CPU.Build.0 = Release|Any CPU
	EndGlobalSection
	GlobalSection(SolutionProperties) = preSolution
		HideSolutionNode = FALSE
	EndGlobalSection
	GlobalSection(ExtensibilityGlobals) = postSolution
		SolutionGuid = {0B84BED8-9D42-448A-B1C2-55394972159A}
	EndGlobalSection
EndGlobal
