
Microsoft Visual Studio Solution File, Format Version 12.00
# Visual Studio 15
VisualStudioVersion = 15.0.27004.2009
MinimumVisualStudioVersion = 10.0.40219.1
Project("{FAE04EC0-301F-11D3-BF4B-00C04F79EFBC}") = "CenterBoxFunction", "CenterBoxFunction\CenterBoxFunction.csproj", "{6FF80091-796B-4A88-811A-E650FA3FBC84}"
EndProject
Global
	GlobalSection(SolutionConfigurationPlatforms) = preSolution
		Debug|Any CPU = Debug|Any CPU
		Release|Any CPU = Release|Any CPU
	EndGlobalSection
	GlobalSection(ProjectConfigurationPlatforms) = postSolution
		{6FF80091-796B-4A88-811A-E650FA3FBC84}.Debug|Any CPU.ActiveCfg = Debug|Any CPU
		{6FF80091-796B-4A88-811A-E650FA3FBC84}.Debug|Any CPU.Build.0 = Debug|Any CPU
		{6FF80091-796B-4A88-811A-E650FA3FBC84}.Release|Any CPU.ActiveCfg = Release|Any CPU
		{6FF80091-796B-4A88-811A-E650FA3FBC84}.Release|Any CPU.Build.0 = Release|Any CPU
	EndGlobalSection
	GlobalSection(SolutionProperties) = preSolution
		HideSolutionNode = FALSE
	EndGlobalSection
	GlobalSection(ExtensibilityGlobals) = postSolution
		SolutionGuid = {9F43D9BD-2614-4A40-B3AA-8AFFE11DF1A7}
	EndGlobalSection
EndGlobal
