
Microsoft Visual Studio Solution File, Format Version 12.00
# Visual Studio 15
VisualStudioVersion = 15.0.27004.2009
MinimumVisualStudioVersion = 10.0.40219.1
Project("{FAE04EC0-301F-11D3-BF4B-00C04F79EFBC}") = "CountLines", "CountLines\CountLines.csproj", "{6C847D85-D0DA-485A-BDDD-87B59BDC1528}"
EndProject
Global
	GlobalSection(SolutionConfigurationPlatforms) = preSolution
		Debug|Any CPU = Debug|Any CPU
		Release|Any CPU = Release|Any CPU
	EndGlobalSection
	GlobalSection(ProjectConfigurationPlatforms) = postSolution
		{6C847D85-D0DA-485A-BDDD-87B59BDC1528}.Debug|Any CPU.ActiveCfg = Debug|Any CPU
		{6C847D85-D0DA-485A-BDDD-87B59BDC1528}.Debug|Any CPU.Build.0 = Debug|Any CPU
		{6C847D85-D0DA-485A-BDDD-87B59BDC1528}.Release|Any CPU.ActiveCfg = Release|Any CPU
		{6C847D85-D0DA-485A-BDDD-87B59BDC1528}.Release|Any CPU.Build.0 = Release|Any CPU
	EndGlobalSection
	GlobalSection(SolutionProperties) = preSolution
		HideSolutionNode = FALSE
	EndGlobalSection
	GlobalSection(ExtensibilityGlobals) = postSolution
		SolutionGuid = {F5C0D46F-5403-405A-8D2E-B83B75846DA2}
	EndGlobalSection
EndGlobal
