
Microsoft Visual Studio Solution File, Format Version 12.00
# Visual Studio 15
VisualStudioVersion = 15.0.27004.2009
MinimumVisualStudioVersion = 10.0.40219.1
Project("{FAE04EC0-301F-11D3-BF4B-00C04F79EFBC}") = "FleetOfThings", "FleetOfThings\FleetOfThings.csproj", "{ABD48CFE-7A38-454E-BB51-519D97656C7C}"
EndProject
Global
	GlobalSection(SolutionConfigurationPlatforms) = preSolution
		Debug|Any CPU = Debug|Any CPU
		Release|Any CPU = Release|Any CPU
	EndGlobalSection
	GlobalSection(ProjectConfigurationPlatforms) = postSolution
		{ABD48CFE-7A38-454E-BB51-519D97656C7C}.Debug|Any CPU.ActiveCfg = Debug|Any CPU
		{ABD48CFE-7A38-454E-BB51-519D97656C7C}.Debug|Any CPU.Build.0 = Debug|Any CPU
		{ABD48CFE-7A38-454E-BB51-519D97656C7C}.Release|Any CPU.ActiveCfg = Release|Any CPU
		{ABD48CFE-7A38-454E-BB51-519D97656C7C}.Release|Any CPU.Build.0 = Release|Any CPU
	EndGlobalSection
	GlobalSection(SolutionProperties) = preSolution
		HideSolutionNode = FALSE
	EndGlobalSection
	GlobalSection(ExtensibilityGlobals) = postSolution
		SolutionGuid = {75CD9575-431D-4157-ADB0-F2EB0799AADC}
	EndGlobalSection
EndGlobal
