
Microsoft Visual Studio Solution File, Format Version 12.00
# Visual Studio 15
VisualStudioVersion = 15.0.27004.2009
MinimumVisualStudioVersion = 10.0.40219.1
Project("{FAE04EC0-301F-11D3-BF4B-00C04F79EFBC}") = "MyBillingApp", "MyBillingApp\MyBillingApp.csproj", "{E25308A2-E646-4F07-8EE5-DFCA228C28B9}"
EndProject
Global
	GlobalSection(SolutionConfigurationPlatforms) = preSolution
		Debug|Any CPU = Debug|Any CPU
		Release|Any CPU = Release|Any CPU
	EndGlobalSection
	GlobalSection(ProjectConfigurationPlatforms) = postSolution
		{E25308A2-E646-4F07-8EE5-DFCA228C28B9}.Debug|Any CPU.ActiveCfg = Debug|Any CPU
		{E25308A2-E646-4F07-8EE5-DFCA228C28B9}.Debug|Any CPU.Build.0 = Debug|Any CPU
		{E25308A2-E646-4F07-8EE5-DFCA228C28B9}.Release|Any CPU.ActiveCfg = Release|Any CPU
		{E25308A2-E646-4F07-8EE5-DFCA228C28B9}.Release|Any CPU.Build.0 = Release|Any CPU
	EndGlobalSection
	GlobalSection(SolutionProperties) = preSolution
		HideSolutionNode = FALSE
	EndGlobalSection
	GlobalSection(ExtensibilityGlobals) = postSolution
		SolutionGuid = {D0B58D52-2C56-4DE5-9335-5C7D616CD727}
	EndGlobalSection
EndGlobal
