
Microsoft Visual Studio Solution File, Format Version 12.00
# Visual Studio 15
VisualStudioVersion = 15.0.27004.2009
MinimumVisualStudioVersion = 10.0.40219.1
Project("{FAE04EC0-301F-11D3-BF4B-00C04F79EFBC}") = "WebApplication", "WebApplication\WebApplication.csproj", "{A48903FA-7928-46CC-BE1D-85F973854BAE}"
EndProject
Global
	GlobalSection(SolutionConfigurationPlatforms) = preSolution
		Debug|Any CPU = Debug|Any CPU
		Release|Any CPU = Release|Any CPU
	EndGlobalSection
	GlobalSection(ProjectConfigurationPlatforms) = postSolution
		{A48903FA-7928-46CC-BE1D-85F973854BAE}.Debug|Any CPU.ActiveCfg = Debug|Any CPU
		{A48903FA-7928-46CC-BE1D-85F973854BAE}.Debug|Any CPU.Build.0 = Debug|Any CPU
		{A48903FA-7928-46CC-BE1D-85F973854BAE}.Release|Any CPU.ActiveCfg = Release|Any CPU
		{A48903FA-7928-46CC-BE1D-85F973854BAE}.Release|Any CPU.Build.0 = Release|Any CPU
	EndGlobalSection
	GlobalSection(SolutionProperties) = preSolution
		HideSolutionNode = FALSE
	EndGlobalSection
	GlobalSection(ExtensibilityGlobals) = postSolution
		SolutionGuid = {721F8CFC-BCAD-4177-8176-6C942712EC12}
	EndGlobalSection
EndGlobal
