
Microsoft Visual Studio Solution File, Format Version 12.00
# Visual Studio 15
VisualStudioVersion = 15.0.27004.2009
MinimumVisualStudioVersion = 10.0.40219.1
Project("{FAE04EC0-301F-11D3-BF4B-00C04F79EFBC}") = "exercise-9", "exercise-9\exercise-9.csproj", "{35C98033-0830-4079-9F83-8CD1221F3164}"
EndProject
Global
	GlobalSection(SolutionConfigurationPlatforms) = preSolution
		Debug|Any CPU = Debug|Any CPU
		Release|Any CPU = Release|Any CPU
	EndGlobalSection
	GlobalSection(ProjectConfigurationPlatforms) = postSolution
		{35C98033-0830-4079-9F83-8CD1221F3164}.Debug|Any CPU.ActiveCfg = Debug|Any CPU
		{35C98033-0830-4079-9F83-8CD1221F3164}.Debug|Any CPU.Build.0 = Debug|Any CPU
		{35C98033-0830-4079-9F83-8CD1221F3164}.Release|Any CPU.ActiveCfg = Release|Any CPU
		{35C98033-0830-4079-9F83-8CD1221F3164}.Release|Any CPU.Build.0 = Release|Any CPU
	EndGlobalSection
	GlobalSection(SolutionProperties) = preSolution
		HideSolutionNode = FALSE
	EndGlobalSection
	GlobalSection(ExtensibilityGlobals) = postSolution
		SolutionGuid = {CC0A53A6-2791-4E5F-82E9-D2117D656A81}
	EndGlobalSection
EndGlobal
