
Microsoft Visual Studio Solution File, Format Version 12.00
# Visual Studio 15
VisualStudioVersion = 15.0.27004.2009
MinimumVisualStudioVersion = 10.0.40219.1
Project("{FAE04EC0-301F-11D3-BF4B-00C04F79EFBC}") = "Anagram", "Anagram\Anagram.csproj", "{E2CB7842-0997-4B54-B352-6394F2B10F1E}"
EndProject
Project("{FAE04EC0-301F-11D3-BF4B-00C04F79EFBC}") = "TestAnagram", "TestAnagram\TestAnagram.csproj", "{CADBECD0-5EA2-42D2-AD3F-E4790FB99A08}"
EndProject
Global
	GlobalSection(SolutionConfigurationPlatforms) = preSolution
		Debug|Any CPU = Debug|Any CPU
		Release|Any CPU = Release|Any CPU
	EndGlobalSection
	GlobalSection(ProjectConfigurationPlatforms) = postSolution
		{E2CB7842-0997-4B54-B352-6394F2B10F1E}.Debug|Any CPU.ActiveCfg = Debug|Any CPU
		{E2CB7842-0997-4B54-B352-6394F2B10F1E}.Debug|Any CPU.Build.0 = Debug|Any CPU
		{E2CB7842-0997-4B54-B352-6394F2B10F1E}.Release|Any CPU.ActiveCfg = Release|Any CPU
		{E2CB7842-0997-4B54-B352-6394F2B10F1E}.Release|Any CPU.Build.0 = Release|Any CPU
		{CADBECD0-5EA2-42D2-AD3F-E4790FB99A08}.Debug|Any CPU.ActiveCfg = Debug|Any CPU
		{CADBECD0-5EA2-42D2-AD3F-E4790FB99A08}.Debug|Any CPU.Build.0 = Debug|Any CPU
		{CADBECD0-5EA2-42D2-AD3F-E4790FB99A08}.Release|Any CPU.ActiveCfg = Release|Any CPU
		{CADBECD0-5EA2-42D2-AD3F-E4790FB99A08}.Release|Any CPU.Build.0 = Release|Any CPU
	EndGlobalSection
	GlobalSection(SolutionProperties) = preSolution
		HideSolutionNode = FALSE
	EndGlobalSection
	GlobalSection(ExtensibilityGlobals) = postSolution
		SolutionGuid = {014FAB9C-A5BE-42FB-A9D6-49068B38EE8D}
	EndGlobalSection
EndGlobal
