
Microsoft Visual Studio Solution File, Format Version 12.00
# Visual Studio 15
VisualStudioVersion = 15.0.27004.2009
MinimumVisualStudioVersion = 10.0.40219.1
Project("{FAE04EC0-301F-11D3-BF4B-00C04F79EFBC}") = "exercise-29", "exercise-29\exercise-29.csproj", "{7B8E80A5-51DB-48B9-82EB-D7CF71C092BD}"
EndProject
Global
	GlobalSection(SolutionConfigurationPlatforms) = preSolution
		Debug|Any CPU = Debug|Any CPU
		Release|Any CPU = Release|Any CPU
	EndGlobalSection
	GlobalSection(ProjectConfigurationPlatforms) = postSolution
		{7B8E80A5-51DB-48B9-82EB-D7CF71C092BD}.Debug|Any CPU.ActiveCfg = Debug|Any CPU
		{7B8E80A5-51DB-48B9-82EB-D7CF71C092BD}.Debug|Any CPU.Build.0 = Debug|Any CPU
		{7B8E80A5-51DB-48B9-82EB-D7CF71C092BD}.Release|Any CPU.ActiveCfg = Release|Any CPU
		{7B8E80A5-51DB-48B9-82EB-D7CF71C092BD}.Release|Any CPU.Build.0 = Release|Any CPU
	EndGlobalSection
	GlobalSection(SolutionProperties) = preSolution
		HideSolutionNode = FALSE
	EndGlobalSection
	GlobalSection(ExtensibilityGlobals) = postSolution
		SolutionGuid = {1397426E-98ED-43EA-873A-A104A2CEDF86}
	EndGlobalSection
EndGlobal
