
Microsoft Visual Studio Solution File, Format Version 12.00
# Visual Studio 15
VisualStudioVersion = 15.0.27004.2009
MinimumVisualStudioVersion = 10.0.40219.1
Project("{FAE04EC0-301F-11D3-BF4B-00C04F79EFBC}") = "exercise-22", "exercise-22\exercise-22.csproj", "{45249BD4-5CF9-43A9-9ED7-AFD23A8A6DE3}"
EndProject
Global
	GlobalSection(SolutionConfigurationPlatforms) = preSolution
		Debug|Any CPU = Debug|Any CPU
		Release|Any CPU = Release|Any CPU
	EndGlobalSection
	GlobalSection(ProjectConfigurationPlatforms) = postSolution
		{45249BD4-5CF9-43A9-9ED7-AFD23A8A6DE3}.Debug|Any CPU.ActiveCfg = Debug|Any CPU
		{45249BD4-5CF9-43A9-9ED7-AFD23A8A6DE3}.Debug|Any CPU.Build.0 = Debug|Any CPU
		{45249BD4-5CF9-43A9-9ED7-AFD23A8A6DE3}.Release|Any CPU.ActiveCfg = Release|Any CPU
		{45249BD4-5CF9-43A9-9ED7-AFD23A8A6DE3}.Release|Any CPU.Build.0 = Release|Any CPU
	EndGlobalSection
	GlobalSection(SolutionProperties) = preSolution
		HideSolutionNode = FALSE
	EndGlobalSection
	GlobalSection(ExtensibilityGlobals) = postSolution
		SolutionGuid = {9BF5A36B-5AED-4E93-B575-F3A7A5704887}
	EndGlobalSection
EndGlobal
