
Microsoft Visual Studio Solution File, Format Version 12.00
# Visual Studio 15
VisualStudioVersion = 15.0.27130.2020
MinimumVisualStudioVersion = 10.0.40219.1
Project("{FAE04EC0-301F-11D3-BF4B-00C04F79EFBC}") = "Reddit", "Reddit\Reddit.csproj", "{A3737347-27A0-4A86-88D0-36AD26EFD471}"
EndProject
Global
	GlobalSection(SolutionConfigurationPlatforms) = preSolution
		Debug|Any CPU = Debug|Any CPU
		Release|Any CPU = Release|Any CPU
	EndGlobalSection
	GlobalSection(ProjectConfigurationPlatforms) = postSolution
		{A3737347-27A0-4A86-88D0-36AD26EFD471}.Debug|Any CPU.ActiveCfg = Debug|Any CPU
		{A3737347-27A0-4A86-88D0-36AD26EFD471}.Debug|Any CPU.Build.0 = Debug|Any CPU
		{A3737347-27A0-4A86-88D0-36AD26EFD471}.Release|Any CPU.ActiveCfg = Release|Any CPU
		{A3737347-27A0-4A86-88D0-36AD26EFD471}.Release|Any CPU.Build.0 = Release|Any CPU
	EndGlobalSection
	GlobalSection(SolutionProperties) = preSolution
		HideSolutionNode = FALSE
	EndGlobalSection
	GlobalSection(ExtensibilityGlobals) = postSolution
		SolutionGuid = {A3141642-0DCD-4556-9973-E74BDF3A867E}
	EndGlobalSection
EndGlobal
