
Microsoft Visual Studio Solution File, Format Version 12.00
# Visual Studio 15
VisualStudioVersion = 15.0.27004.2009
MinimumVisualStudioVersion = 10.0.40219.1
Project("{FAE04EC0-301F-11D3-BF4B-00C04F79EFBC}") = "isinlist", "isinlist\isinlist.csproj", "{FC95F074-2ADF-4523-8919-CDC68B1ECCF2}"
EndProject
Global
	GlobalSection(SolutionConfigurationPlatforms) = preSolution
		Debug|Any CPU = Debug|Any CPU
		Release|Any CPU = Release|Any CPU
	EndGlobalSection
	GlobalSection(ProjectConfigurationPlatforms) = postSolution
		{FC95F074-2ADF-4523-8919-CDC68B1ECCF2}.Debug|Any CPU.ActiveCfg = Debug|Any CPU
		{FC95F074-2ADF-4523-8919-CDC68B1ECCF2}.Debug|Any CPU.Build.0 = Debug|Any CPU
		{FC95F074-2ADF-4523-8919-CDC68B1ECCF2}.Release|Any CPU.ActiveCfg = Release|Any CPU
		{FC95F074-2ADF-4523-8919-CDC68B1ECCF2}.Release|Any CPU.Build.0 = Release|Any CPU
	EndGlobalSection
	GlobalSection(SolutionProperties) = preSolution
		HideSolutionNode = FALSE
	EndGlobalSection
	GlobalSection(ExtensibilityGlobals) = postSolution
		SolutionGuid = {129CE53A-BF81-42C8-903A-3C7D94F22563}
	EndGlobalSection
EndGlobal
