
Microsoft Visual Studio Solution File, Format Version 12.00
# Visual Studio 15
VisualStudioVersion = 15.0.27004.2009
MinimumVisualStudioVersion = 10.0.40219.1
Project("{FAE04EC0-301F-11D3-BF4B-00C04F79EFBC}") = "String1", "String1\String1.csproj", "{90C69255-0F3C-4C14-AF37-17EA45FDD1C5}"
EndProject
Global
	GlobalSection(SolutionConfigurationPlatforms) = preSolution
		Debug|Any CPU = Debug|Any CPU
		Release|Any CPU = Release|Any CPU
	EndGlobalSection
	GlobalSection(ProjectConfigurationPlatforms) = postSolution
		{90C69255-0F3C-4C14-AF37-17EA45FDD1C5}.Debug|Any CPU.ActiveCfg = Debug|Any CPU
		{90C69255-0F3C-4C14-AF37-17EA45FDD1C5}.Debug|Any CPU.Build.0 = Debug|Any CPU
		{90C69255-0F3C-4C14-AF37-17EA45FDD1C5}.Release|Any CPU.ActiveCfg = Release|Any CPU
		{90C69255-0F3C-4C14-AF37-17EA45FDD1C5}.Release|Any CPU.Build.0 = Release|Any CPU
	EndGlobalSection
	GlobalSection(SolutionProperties) = preSolution
		HideSolutionNode = FALSE
	EndGlobalSection
	GlobalSection(ExtensibilityGlobals) = postSolution
		SolutionGuid = {1428F584-F720-4A3A-82E0-928BAC286B0F}
	EndGlobalSection
EndGlobal
