
Microsoft Visual Studio Solution File, Format Version 12.00
# Visual Studio 15
VisualStudioVersion = 15.0.27004.2009
MinimumVisualStudioVersion = 10.0.40219.1
Project("{FAE04EC0-301F-11D3-BF4B-00C04F79EFBC}") = "append-a", "append-a\append-a.csproj", "{6B1327C5-F9EB-4097-B069-F386F7BBB2A0}"
EndProject
Global
	GlobalSection(SolutionConfigurationPlatforms) = preSolution
		Debug|Any CPU = Debug|Any CPU
		Release|Any CPU = Release|Any CPU
	EndGlobalSection
	GlobalSection(ProjectConfigurationPlatforms) = postSolution
		{6B1327C5-F9EB-4097-B069-F386F7BBB2A0}.Debug|Any CPU.ActiveCfg = Debug|Any CPU
		{6B1327C5-F9EB-4097-B069-F386F7BBB2A0}.Debug|Any CPU.Build.0 = Debug|Any CPU
		{6B1327C5-F9EB-4097-B069-F386F7BBB2A0}.Release|Any CPU.ActiveCfg = Release|Any CPU
		{6B1327C5-F9EB-4097-B069-F386F7BBB2A0}.Release|Any CPU.Build.0 = Release|Any CPU
	EndGlobalSection
	GlobalSection(SolutionProperties) = preSolution
		HideSolutionNode = FALSE
	EndGlobalSection
	GlobalSection(ExtensibilityGlobals) = postSolution
		SolutionGuid = {29A7C3CA-123F-4715-A9EA-708EDF85C4EB}
	EndGlobalSection
EndGlobal
