
Microsoft Visual Studio Solution File, Format Version 12.00
# Visual Studio 15
VisualStudioVersion = 15.0.27004.2009
MinimumVisualStudioVersion = 10.0.40219.1
Project("{FAE04EC0-301F-11D3-BF4B-00C04F79EFBC}") = "Graphic", "Graphic\Graphic.csproj", "{67F3100F-7F56-4C87-8581-858E4E4EDB0B}"
EndProject
Global
	GlobalSection(SolutionConfigurationPlatforms) = preSolution
		Debug|Any CPU = Debug|Any CPU
		Release|Any CPU = Release|Any CPU
	EndGlobalSection
	GlobalSection(ProjectConfigurationPlatforms) = postSolution
		{67F3100F-7F56-4C87-8581-858E4E4EDB0B}.Debug|Any CPU.ActiveCfg = Debug|Any CPU
		{67F3100F-7F56-4C87-8581-858E4E4EDB0B}.Debug|Any CPU.Build.0 = Debug|Any CPU
		{67F3100F-7F56-4C87-8581-858E4E4EDB0B}.Release|Any CPU.ActiveCfg = Release|Any CPU
		{67F3100F-7F56-4C87-8581-858E4E4EDB0B}.Release|Any CPU.Build.0 = Release|Any CPU
	EndGlobalSection
	GlobalSection(SolutionProperties) = preSolution
		HideSolutionNode = FALSE
	EndGlobalSection
	GlobalSection(ExtensibilityGlobals) = postSolution
		SolutionGuid = {8B62508B-0C84-4930-A068-A5091C27C602}
	EndGlobalSection
EndGlobal
