
Microsoft Visual Studio Solution File, Format Version 12.00
# Visual Studio 15
VisualStudioVersion = 15.0.27004.2009
MinimumVisualStudioVersion = 10.0.40219.1
Project("{FAE04EC0-301F-11D3-BF4B-00C04F79EFBC}") = "Exercise10", "Exercise10\Exercise10.csproj", "{D4453A8E-8A51-4B56-A561-3651D0C6C9FC}"
EndProject
Global
	GlobalSection(SolutionConfigurationPlatforms) = preSolution
		Debug|Any CPU = Debug|Any CPU
		Release|Any CPU = Release|Any CPU
	EndGlobalSection
	GlobalSection(ProjectConfigurationPlatforms) = postSolution
		{D4453A8E-8A51-4B56-A561-3651D0C6C9FC}.Debug|Any CPU.ActiveCfg = Debug|Any CPU
		{D4453A8E-8A51-4B56-A561-3651D0C6C9FC}.Debug|Any CPU.Build.0 = Debug|Any CPU
		{D4453A8E-8A51-4B56-A561-3651D0C6C9FC}.Release|Any CPU.ActiveCfg = Release|Any CPU
		{D4453A8E-8A51-4B56-A561-3651D0C6C9FC}.Release|Any CPU.Build.0 = Release|Any CPU
	EndGlobalSection
	GlobalSection(SolutionProperties) = preSolution
		HideSolutionNode = FALSE
	EndGlobalSection
	GlobalSection(ExtensibilityGlobals) = postSolution
		SolutionGuid = {ACD7173A-C7CB-47D0-810E-590465C4E147}
	EndGlobalSection
EndGlobal
