
Microsoft Visual Studio Solution File, Format Version 12.00
# Visual Studio 15
VisualStudioVersion = 15.0.27004.2009
MinimumVisualStudioVersion = 10.0.40219.1
Project("{FAE04EC0-301F-11D3-BF4B-00C04F79EFBC}") = "elementfinder", "elementfinder\elementfinder.csproj", "{75BB63BD-7DAC-4C37-9881-BFDCC1569FA8}"
EndProject
Global
	GlobalSection(SolutionConfigurationPlatforms) = preSolution
		Debug|Any CPU = Debug|Any CPU
		Release|Any CPU = Release|Any CPU
	EndGlobalSection
	GlobalSection(ProjectConfigurationPlatforms) = postSolution
		{75BB63BD-7DAC-4C37-9881-BFDCC1569FA8}.Debug|Any CPU.ActiveCfg = Debug|Any CPU
		{75BB63BD-7DAC-4C37-9881-BFDCC1569FA8}.Debug|Any CPU.Build.0 = Debug|Any CPU
		{75BB63BD-7DAC-4C37-9881-BFDCC1569FA8}.Release|Any CPU.ActiveCfg = Release|Any CPU
		{75BB63BD-7DAC-4C37-9881-BFDCC1569FA8}.Release|Any CPU.Build.0 = Release|Any CPU
	EndGlobalSection
	GlobalSection(SolutionProperties) = preSolution
		HideSolutionNode = FALSE
	EndGlobalSection
	GlobalSection(ExtensibilityGlobals) = postSolution
		SolutionGuid = {32C2E3D5-18A0-41CB-A863-F28C16CDD80E}
	EndGlobalSection
EndGlobal
